Microsoft Visual Studio Solution File, Format Version 8.00
Project("{8BC9CEB8-8B4A-11D0-8D11-00A0C91BC942}") = "XSI2MSHExporter", "XSI2MSHExporter.vcproj", "{92BEACED-A054-4BEF-8E9D-74DD8F77861E}"
	ProjectSection(ProjectDependencies) = postProject
		{A54D9F5B-1B5D-429E-B3F2-27A687827DEB} = {A54D9F5B-1B5D-429E-B3F2-27A687827DEB}
		{49593491-301C-4615-9837-18B1D7E50618} = {49593491-301C-4615-9837-18B1D7E50618}
		{D6476ED6-92D0-4CE0-BBF2-8B8A3C0BD80C} = {D6476ED6-92D0-4CE0-BBF2-8B8A3C0BD80C}
	EndProjectSection
EndProject
Project("{8BC9CEB8-8B4A-11D0-8D11-00A0C91BC942}") = "MSHParserMT", "Libraries\MSHParser\MSHParserMT.vcproj", "{49593491-301C-4615-9837-18B1D7E50618}"
	ProjectSection(ProjectDependencies) = postProject
	EndProjectSection
EndProject
Project("{8BC9CEB8-8B4A-11D0-8D11-00A0C91BC942}") = "ZeroMT", "Libraries\zero\ZeroMT.vcproj", "{D6476ED6-92D0-4CE0-BBF2-8B8A3C0BD80C}"
	ProjectSection(ProjectDependencies) = postProject
	EndProjectSection
EndProject
Project("{8BC9CEB8-8B4A-11D0-8D11-00A0C91BC942}") = "ZlibFL", "Libraries\ZlibFL\ZlibFL.vcproj", "{A54D9F5B-1B5D-429E-B3F2-27A687827DEB}"
	ProjectSection(ProjectDependencies) = postProject
	EndProjectSection
EndProject
Global
	GlobalSection(SourceCodeControl) = preSolution
		SccNumberOfProjects = 5
		SccProjectName0 = \u0022//Battlefront2/main/XSI2MSHExporter/XSI3\u0022
		SccLocalPath0 = .
		SccProvider0 = MSSCCI:Perforce\u0020SCM
		CanCheckoutShared = true
		SolutionUniqueID = {49AE6506-5544-4CBD-A45D-960563A259B6}
		SccProjectUniqueName1 = XSI2MSHExporter.vcproj
		SccLocalPath1 = .
		CanCheckoutShared = true
		SccProjectUniqueName2 = Libraries\\MSHParser\\MSHParserMT.vcproj
		SccProjectName2 = \u0022//Battlefront2/main/XSI2MSHExporter/XSI3/Libraries/MSHParser\u0022
		SccLocalPath2 = Libraries\\MSHParser
		CanCheckoutShared = true
		SccProjectUniqueName3 = Libraries\\zero\\ZeroMT.vcproj
		SccProjectName3 = \u0022//Battlefront2/main/XSI2MSHExporter/XSI3/Libraries/Zero\u0022
		SccLocalPath3 = Libraries\\zero
		CanCheckoutShared = true
		SccProjectUniqueName4 = Libraries\\ZlibFL\\ZlibFL.vcproj
		SccProjectName4 = \u0022//Battlefront2/main/XSI2MSHExporter/XSI3/Libraries/ZLibFL\u0022
		SccLocalPath4 = Libraries\\ZLibFL
		CanCheckoutShared = true
	EndGlobalSection
	GlobalSection(SolutionConfiguration) = preSolution
		Debug = Debug
		PC Debug Win32 = PC Debug Win32
		PC Debug Xbox = PC Debug Xbox
		PC Release Win32 = PC Release Win32
		PC Release Xbox = PC Release Xbox
		PS2 EE Debug Win32 = PS2 EE Debug Win32
		PS2 EE Debug Xbox = PS2 EE Debug Xbox
		PS2 EE Release Win32 = PS2 EE Release Win32
		PS2 EE Release Xbox = PS2 EE Release Xbox
		Release = Release
		XBox Debug Win32 = XBox Debug Win32
		XBox Debug Xbox = XBox Debug Xbox
		XBox Release Win32 = XBox Release Win32
		XBox Release Xbox = XBox Release Xbox
	EndGlobalSection
	GlobalSection(ProjectConfiguration) = postSolution
		{92BEACED-A054-4BEF-8E9D-74DD8F77861E}.Debug.ActiveCfg = Debug|Win32
		{92BEACED-A054-4BEF-8E9D-74DD8F77861E}.Debug.Build.0 = Debug|Win32
		{92BEACED-A054-4BEF-8E9D-74DD8F77861E}.PC Debug Win32.ActiveCfg = Debug|Win32
		{92BEACED-A054-4BEF-8E9D-74DD8F77861E}.PC Debug Win32.Build.0 = Debug|Win32
		{92BEACED-A054-4BEF-8E9D-74DD8F77861E}.PC Debug Xbox.ActiveCfg = Debug|Win32
		{92BEACED-A054-4BEF-8E9D-74DD8F77861E}.PC Debug Xbox.Build.0 = Debug|Win32
		{92BEACED-A054-4BEF-8E9D-74DD8F77861E}.PC Release Win32.ActiveCfg = Release|Win32
		{92BEACED-A054-4BEF-8E9D-74DD8F77861E}.PC Release Win32.Build.0 = Release|Win32
		{92BEACED-A054-4BEF-8E9D-74DD8F77861E}.PC Release Xbox.ActiveCfg = Release|Win32
		{92BEACED-A054-4BEF-8E9D-74DD8F77861E}.PC Release Xbox.Build.0 = Release|Win32
		{92BEACED-A054-4BEF-8E9D-74DD8F77861E}.PS2 EE Debug Win32.ActiveCfg = Debug|Win32
		{92BEACED-A054-4BEF-8E9D-74DD8F77861E}.PS2 EE Debug Win32.Build.0 = Debug|Win32
		{92BEACED-A054-4BEF-8E9D-74DD8F77861E}.PS2 EE Debug Xbox.ActiveCfg = Debug|Win32
		{92BEACED-A054-4BEF-8E9D-74DD8F77861E}.PS2 EE Debug Xbox.Build.0 = Debug|Win32
		{92BEACED-A054-4BEF-8E9D-74DD8F77861E}.PS2 EE Release Win32.ActiveCfg = Release|Win32
		{92BEACED-A054-4BEF-8E9D-74DD8F77861E}.PS2 EE Release Win32.Build.0 = Release|Win32
		{92BEACED-A054-4BEF-8E9D-74DD8F77861E}.PS2 EE Release Xbox.ActiveCfg = Release|Win32
		{92BEACED-A054-4BEF-8E9D-74DD8F77861E}.PS2 EE Release Xbox.Build.0 = Release|Win32
		{92BEACED-A054-4BEF-8E9D-74DD8F77861E}.Release.ActiveCfg = Release|Win32
		{92BEACED-A054-4BEF-8E9D-74DD8F77861E}.Release.Build.0 = Release|Win32
		{92BEACED-A054-4BEF-8E9D-74DD8F77861E}.XBox Debug Win32.ActiveCfg = Debug|Win32
		{92BEACED-A054-4BEF-8E9D-74DD8F77861E}.XBox Debug Win32.Build.0 = Debug|Win32
		{92BEACED-A054-4BEF-8E9D-74DD8F77861E}.XBox Debug Xbox.ActiveCfg = Debug|Win32
		{92BEACED-A054-4BEF-8E9D-74DD8F77861E}.XBox Debug Xbox.Build.0 = Debug|Win32
		{92BEACED-A054-4BEF-8E9D-74DD8F77861E}.XBox Release Win32.ActiveCfg = Release|Win32
		{92BEACED-A054-4BEF-8E9D-74DD8F77861E}.XBox Release Win32.Build.0 = Release|Win32
		{92BEACED-A054-4BEF-8E9D-74DD8F77861E}.XBox Release Xbox.ActiveCfg = Release|Win32
		{92BEACED-A054-4BEF-8E9D-74DD8F77861E}.XBox Release Xbox.Build.0 = Release|Win32
		{49593491-301C-4615-9837-18B1D7E50618}.Debug.ActiveCfg = Debug|Win32
		{49593491-301C-4615-9837-18B1D7E50618}.Debug.Build.0 = Debug|Win32
		{49593491-301C-4615-9837-18B1D7E50618}.PC Debug Win32.ActiveCfg = Debug|Win32
		{49593491-301C-4615-9837-18B1D7E50618}.PC Debug Win32.Build.0 = Debug|Win32
		{49593491-301C-4615-9837-18B1D7E50618}.PC Debug Xbox.ActiveCfg = Debug|Win32
		{49593491-301C-4615-9837-18B1D7E50618}.PC Debug Xbox.Build.0 = Debug|Win32
		{49593491-301C-4615-9837-18B1D7E50618}.PC Release Win32.ActiveCfg = Release|Win32
		{49593491-301C-4615-9837-18B1D7E50618}.PC Release Win32.Build.0 = Release|Win32
		{49593491-301C-4615-9837-18B1D7E50618}.PC Release Xbox.ActiveCfg = Release|Win32
		{49593491-301C-4615-9837-18B1D7E50618}.PC Release Xbox.Build.0 = Release|Win32
		{49593491-301C-4615-9837-18B1D7E50618}.PS2 EE Debug Win32.ActiveCfg = Debug|Win32
		{49593491-301C-4615-9837-18B1D7E50618}.PS2 EE Debug Win32.Build.0 = Debug|Win32
		{49593491-301C-4615-9837-18B1D7E50618}.PS2 EE Debug Xbox.ActiveCfg = Debug|Win32
		{49593491-301C-4615-9837-18B1D7E50618}.PS2 EE Debug Xbox.Build.0 = Debug|Win32
		{49593491-301C-4615-9837-18B1D7E50618}.PS2 EE Release Win32.ActiveCfg = Release|Win32
		{49593491-301C-4615-9837-18B1D7E50618}.PS2 EE Release Win32.Build.0 = Release|Win32
		{49593491-301C-4615-9837-18B1D7E50618}.PS2 EE Release Xbox.ActiveCfg = Release|Win32
		{49593491-301C-4615-9837-18B1D7E50618}.PS2 EE Release Xbox.Build.0 = Release|Win32
		{49593491-301C-4615-9837-18B1D7E50618}.Release.ActiveCfg = Release|Win32
		{49593491-301C-4615-9837-18B1D7E50618}.Release.Build.0 = Release|Win32
		{49593491-301C-4615-9837-18B1D7E50618}.XBox Debug Win32.ActiveCfg = Debug|Win32
		{49593491-301C-4615-9837-18B1D7E50618}.XBox Debug Win32.Build.0 = Debug|Win32
		{49593491-301C-4615-9837-18B1D7E50618}.XBox Debug Xbox.ActiveCfg = Debug|Win32
		{49593491-301C-4615-9837-18B1D7E50618}.XBox Debug Xbox.Build.0 = Debug|Win32
		{49593491-301C-4615-9837-18B1D7E50618}.XBox Release Win32.ActiveCfg = Release|Win32
		{49593491-301C-4615-9837-18B1D7E50618}.XBox Release Win32.Build.0 = Release|Win32
		{49593491-301C-4615-9837-18B1D7E50618}.XBox Release Xbox.ActiveCfg = Release|Win32
		{49593491-301C-4615-9837-18B1D7E50618}.XBox Release Xbox.Build.0 = Release|Win32
		{D6476ED6-92D0-4CE0-BBF2-8B8A3C0BD80C}.Debug.ActiveCfg = Debug|Win32
		{D6476ED6-92D0-4CE0-BBF2-8B8A3C0BD80C}.Debug.Build.0 = Debug|Win32
		{D6476ED6-92D0-4CE0-BBF2-8B8A3C0BD80C}.PC Debug Win32.ActiveCfg = Debug|Win32
		{D6476ED6-92D0-4CE0-BBF2-8B8A3C0BD80C}.PC Debug Win32.Build.0 = Debug|Win32
		{D6476ED6-92D0-4CE0-BBF2-8B8A3C0BD80C}.PC Debug Xbox.ActiveCfg = Debug|Win32
		{D6476ED6-92D0-4CE0-BBF2-8B8A3C0BD80C}.PC Debug Xbox.Build.0 = Debug|Win32
		{D6476ED6-92D0-4CE0-BBF2-8B8A3C0BD80C}.PC Release Win32.ActiveCfg = Release|Win32
		{D6476ED6-92D0-4CE0-BBF2-8B8A3C0BD80C}.PC Release Win32.Build.0 = Release|Win32
		{D6476ED6-92D0-4CE0-BBF2-8B8A3C0BD80C}.PC Release Xbox.ActiveCfg = Release|Win32
		{D6476ED6-92D0-4CE0-BBF2-8B8A3C0BD80C}.PC Release Xbox.Build.0 = Release|Win32
		{D6476ED6-92D0-4CE0-BBF2-8B8A3C0BD80C}.PS2 EE Debug Win32.ActiveCfg = Debug|Win32
		{D6476ED6-92D0-4CE0-BBF2-8B8A3C0BD80C}.PS2 EE Debug Win32.Build.0 = Debug|Win32
		{D6476ED6-92D0-4CE0-BBF2-8B8A3C0BD80C}.PS2 EE Debug Xbox.ActiveCfg = Debug|Win32
		{D6476ED6-92D0-4CE0-BBF2-8B8A3C0BD80C}.PS2 EE Debug Xbox.Build.0 = Debug|Win32
		{D6476ED6-92D0-4CE0-BBF2-8B8A3C0BD80C}.PS2 EE Release Win32.ActiveCfg = Release|Win32
		{D6476ED6-92D0-4CE0-BBF2-8B8A3C0BD80C}.PS2 EE Release Win32.Build.0 = Release|Win32
		{D6476ED6-92D0-4CE0-BBF2-8B8A3C0BD80C}.PS2 EE Release Xbox.ActiveCfg = Release|Win32
		{D6476ED6-92D0-4CE0-BBF2-8B8A3C0BD80C}.PS2 EE Release Xbox.Build.0 = Release|Win32
		{D6476ED6-92D0-4CE0-BBF2-8B8A3C0BD80C}.Release.ActiveCfg = Release|Win32
		{D6476ED6-92D0-4CE0-BBF2-8B8A3C0BD80C}.Release.Build.0 = Release|Win32
		{D6476ED6-92D0-4CE0-BBF2-8B8A3C0BD80C}.XBox Debug Win32.ActiveCfg = Debug|Win32
		{D6476ED6-92D0-4CE0-BBF2-8B8A3C0BD80C}.XBox Debug Win32.Build.0 = Debug|Win32
		{D6476ED6-92D0-4CE0-BBF2-8B8A3C0BD80C}.XBox Debug Xbox.ActiveCfg = Debug|Win32
		{D6476ED6-92D0-4CE0-BBF2-8B8A3C0BD80C}.XBox Debug Xbox.Build.0 = Debug|Win32
		{D6476ED6-92D0-4CE0-BBF2-8B8A3C0BD80C}.XBox Release Win32.ActiveCfg = Release|Win32
		{D6476ED6-92D0-4CE0-BBF2-8B8A3C0BD80C}.XBox Release Win32.Build.0 = Release|Win32
		{D6476ED6-92D0-4CE0-BBF2-8B8A3C0BD80C}.XBox Release Xbox.ActiveCfg = Release|Win32
		{D6476ED6-92D0-4CE0-BBF2-8B8A3C0BD80C}.XBox Release Xbox.Build.0 = Release|Win32
		{A54D9F5B-1B5D-429E-B3F2-27A687827DEB}.Debug.ActiveCfg = XBox Debug|Xbox
		{A54D9F5B-1B5D-429E-B3F2-27A687827DEB}.Debug.Build.0 = XBox Debug|Xbox
		{A54D9F5B-1B5D-429E-B3F2-27A687827DEB}.PC Debug Win32.ActiveCfg = PC Debug|Win32
		{A54D9F5B-1B5D-429E-B3F2-27A687827DEB}.PC Debug Win32.Build.0 = PC Debug|Win32
		{A54D9F5B-1B5D-429E-B3F2-27A687827DEB}.PC Debug Xbox.ActiveCfg = PC Debug|Xbox
		{A54D9F5B-1B5D-429E-B3F2-27A687827DEB}.PC Debug Xbox.Build.0 = PC Debug|Xbox
		{A54D9F5B-1B5D-429E-B3F2-27A687827DEB}.PC Release Win32.ActiveCfg = PC Release|Win32
		{A54D9F5B-1B5D-429E-B3F2-27A687827DEB}.PC Release Win32.Build.0 = PC Release|Win32
		{A54D9F5B-1B5D-429E-B3F2-27A687827DEB}.PC Release Xbox.ActiveCfg = PC Release|Xbox
		{A54D9F5B-1B5D-429E-B3F2-27A687827DEB}.PC Release Xbox.Build.0 = PC Release|Xbox
		{A54D9F5B-1B5D-429E-B3F2-27A687827DEB}.PS2 EE Debug Win32.ActiveCfg = PS2 EE Debug|Win32
		{A54D9F5B-1B5D-429E-B3F2-27A687827DEB}.PS2 EE Debug Win32.Build.0 = PS2 EE Debug|Win32
		{A54D9F5B-1B5D-429E-B3F2-27A687827DEB}.PS2 EE Debug Xbox.ActiveCfg = PS2 EE Debug|Xbox
		{A54D9F5B-1B5D-429E-B3F2-27A687827DEB}.PS2 EE Debug Xbox.Build.0 = PS2 EE Debug|Xbox
		{A54D9F5B-1B5D-429E-B3F2-27A687827DEB}.PS2 EE Release Win32.ActiveCfg = PS2 EE Release|Win32
		{A54D9F5B-1B5D-429E-B3F2-27A687827DEB}.PS2 EE Release Win32.Build.0 = PS2 EE Release|Win32
		{A54D9F5B-1B5D-429E-B3F2-27A687827DEB}.PS2 EE Release Xbox.ActiveCfg = PS2 EE Release|Xbox
		{A54D9F5B-1B5D-429E-B3F2-27A687827DEB}.PS2 EE Release Xbox.Build.0 = PS2 EE Release|Xbox
		{A54D9F5B-1B5D-429E-B3F2-27A687827DEB}.Release.ActiveCfg = XBox Release|Xbox
		{A54D9F5B-1B5D-429E-B3F2-27A687827DEB}.Release.Build.0 = XBox Release|Xbox
		{A54D9F5B-1B5D-429E-B3F2-27A687827DEB}.XBox Debug Win32.ActiveCfg = XBox Debug|Win32
		{A54D9F5B-1B5D-429E-B3F2-27A687827DEB}.XBox Debug Win32.Build.0 = XBox Debug|Win32
		{A54D9F5B-1B5D-429E-B3F2-27A687827DEB}.XBox Debug Xbox.ActiveCfg = XBox Debug|Xbox
		{A54D9F5B-1B5D-429E-B3F2-27A687827DEB}.XBox Debug Xbox.Build.0 = XBox Debug|Xbox
		{A54D9F5B-1B5D-429E-B3F2-27A687827DEB}.XBox Release Win32.ActiveCfg = XBox Release|Win32
		{A54D9F5B-1B5D-429E-B3F2-27A687827DEB}.XBox Release Win32.Build.0 = XBox Release|Win32
		{A54D9F5B-1B5D-429E-B3F2-27A687827DEB}.XBox Release Xbox.ActiveCfg = XBox Release|Xbox
		{A54D9F5B-1B5D-429E-B3F2-27A687827DEB}.XBox Release Xbox.Build.0 = XBox Release|Xbox
	EndGlobalSection
	GlobalSection(ExtensibilityGlobals) = postSolution
	EndGlobalSection
	GlobalSection(ExtensibilityAddIns) = postSolution
	EndGlobalSection
EndGlobal
